github.com/guregu/null v4.0.0+incompatible h1:4zw0ckM7ECd6FNNddc3Fu4aty9nTlpkkzH7dPn4/4Gw=
github.com/guregu/null v4.0.0+incompatible/go.mod h1:ePGpQaN9cw0tj45IR5E5ehMvsFlLlQZAkkOXZurJ3NM=
github.com/vitpelekhaty/httptracer v0.1.0 h1:JpqvJfh6r9BvreOT3I29bhopBgHV1gGJnhJvRRa/+G0=
github.com/vitpelekhaty/httptracer v0.1.0/go.mod h1:m2/nURmO2gSns8FA3olUh7SgNWpdiT5q7ZhClBneb+8=
